
Microsoft Visual Studio Solution File, Format Version 12.00
# Visual Studio Version 16
VisualStudioVersion = 16.0.30011.22
MinimumVisualStudioVersion = 10.0.40219.1
Project("{FAE04EC0-301F-11D3-BF4B-00C04F79EFBC}") = "RodaRodaJequitiClient", "RodaRodaJequitiClient\RodaRodaJequitiClient.csproj", "{2D187C3A-7111-4479-B50C-F63EB215F2BD}"
EndProject
Global
	GlobalSection(SolutionConfigurationPlatforms) = preSolution
		Debug|Any CPU = Debug|Any CPU
		Release|Any CPU = Release|Any CPU
	EndGlobalSection
	GlobalSection(ProjectConfigurationPlatforms) = postSolution
		{2D187C3A-7111-4479-B50C-F63EB215F2BD}.Debug|Any CPU.ActiveCfg = Debug|Any CPU
		{2D187C3A-7111-4479-B50C-F63EB215F2BD}.Debug|Any CPU.Build.0 = Debug|Any CPU
		{2D187C3A-7111-4479-B50C-F63EB215F2BD}.Release|Any CPU.ActiveCfg = Release|Any CPU
		{2D187C3A-7111-4479-B50C-F63EB215F2BD}.Release|Any CPU.Build.0 = Release|Any CPU
	EndGlobalSection
	GlobalSection(SolutionProperties) = preSolution
		HideSolutionNode = FALSE
	EndGlobalSection
	GlobalSection(ExtensibilityGlobals) = postSolution
		SolutionGuid = {ACBC9624-A91C-4E11-9176-5880CB323CB3}
	EndGlobalSection
EndGlobal
