
Microsoft Visual Studio Solution File, Format Version 12.00
# Visual Studio Version 16
VisualStudioVersion = 16.0.30011.22
MinimumVisualStudioVersion = 10.0.40219.1
Project("{FAE04EC0-301F-11D3-BF4B-00C04F79EFBC}") = "RodaRodaJequitiClient", "RodaRodaJequitiClient\RodaRodaJequitiClient.csproj", "{08531E92-3927-45F9-89AC-0A81C12F874A}"
EndProject
Global
	GlobalSection(SolutionConfigurationPlatforms) = preSolution
		Debug|Any CPU = Debug|Any CPU
		Release|Any CPU = Release|Any CPU
	EndGlobalSection
	GlobalSection(ProjectConfigurationPlatforms) = postSolution
		{08531E92-3927-45F9-89AC-0A81C12F874A}.Debug|Any CPU.ActiveCfg = Debug|Any CPU
		{08531E92-3927-45F9-89AC-0A81C12F874A}.Debug|Any CPU.Build.0 = Debug|Any CPU
		{08531E92-3927-45F9-89AC-0A81C12F874A}.Release|Any CPU.ActiveCfg = Release|Any CPU
		{08531E92-3927-45F9-89AC-0A81C12F874A}.Release|Any CPU.Build.0 = Release|Any CPU
	EndGlobalSection
	GlobalSection(SolutionProperties) = preSolution
		HideSolutionNode = FALSE
	EndGlobalSection
	GlobalSection(ExtensibilityGlobals) = postSolution
		SolutionGuid = {D257B93F-CE7C-43B6-BA8C-EA0C488CE269}
	EndGlobalSection
EndGlobal
